
Microsoft Visual Studio Solution File, Format Version 12.00
# Visual Studio Version 17
VisualStudioVersion = 17.3.32929.385
MinimumVisualStudioVersion = 10.0.40219.1
Project("{FAE04EC0-301F-11D3-BF4B-00C04F79EFBC}") = "Converter", "Converter\Converter.csproj", "{92A3A537-CA96-43F5-8F64-4043DA03B03A}"
EndProject
Project("{FAE04EC0-301F-11D3-BF4B-00C04F79EFBC}") = "GuessTheNumberr", "GuessTheNumberr\GuessTheNumberr.csproj", "{B344846F-F3BB-42E6-A462-8A82E57DC7F3}"
EndProject
Project("{FAE04EC0-301F-11D3-BF4B-00C04F79EFBC}") = "LeapYearAnnounce", "LeapYearAnnounce\LeapYearAnnounce.csproj", "{973F4562-6813-46DF-820E-31001A793DA1}"
EndProject
Global
	GlobalSection(SolutionConfigurationPlatforms) = preSolution
		Debug|Any CPU = Debug|Any CPU
		Release|Any CPU = Release|Any CPU
	EndGlobalSection
	GlobalSection(ProjectConfigurationPlatforms) = postSolution
		{92A3A537-CA96-43F5-8F64-4043DA03B03A}.Debug|Any CPU.ActiveCfg = Debug|Any CPU
		{92A3A537-CA96-43F5-8F64-4043DA03B03A}.Debug|Any CPU.Build.0 = Debug|Any CPU
		{92A3A537-CA96-43F5-8F64-4043DA03B03A}.Release|Any CPU.ActiveCfg = Release|Any CPU
		{92A3A537-CA96-43F5-8F64-4043DA03B03A}.Release|Any CPU.Build.0 = Release|Any CPU
		{B344846F-F3BB-42E6-A462-8A82E57DC7F3}.Debug|Any CPU.ActiveCfg = Debug|Any CPU
		{B344846F-F3BB-42E6-A462-8A82E57DC7F3}.Debug|Any CPU.Build.0 = Debug|Any CPU
		{B344846F-F3BB-42E6-A462-8A82E57DC7F3}.Release|Any CPU.ActiveCfg = Release|Any CPU
		{B344846F-F3BB-42E6-A462-8A82E57DC7F3}.Release|Any CPU.Build.0 = Release|Any CPU
		{973F4562-6813-46DF-820E-31001A793DA1}.Debug|Any CPU.ActiveCfg = Debug|Any CPU
		{973F4562-6813-46DF-820E-31001A793DA1}.Debug|Any CPU.Build.0 = Debug|Any CPU
		{973F4562-6813-46DF-820E-31001A793DA1}.Release|Any CPU.ActiveCfg = Release|Any CPU
		{973F4562-6813-46DF-820E-31001A793DA1}.Release|Any CPU.Build.0 = Release|Any CPU
	EndGlobalSection
	GlobalSection(SolutionProperties) = preSolution
		HideSolutionNode = FALSE
	EndGlobalSection
	GlobalSection(ExtensibilityGlobals) = postSolution
		SolutionGuid = {79829C92-6E03-45A8-844E-6C78DC5B47B7}
	EndGlobalSection
EndGlobal
